{
    "_meta": {
        "hash": {
            "sha256": "7a07c2a5f057b979f087c77f2648bfb3b92d78433c9c775dc10af44f100f071a"
        },
        "pipfile-spec": 6,
        "requires": {
            "python_version": "3.12"
        },
        "sources": [
            {
                "name": "pypi",
                "url": "https://pypi.org/simple",
                "verify_ssl": true
            }
        ]
    },
    "default": {
        "blinker": {
            "hashes": [
                "sha256:b4ce2265a7abece45e7cc896e98dbebe6cead56bcf805a3d23136d145f5445bf",
                "sha256:ba0efaa9080b619ff2f3459d1d500c57bddea4a6b424b60a91141db6fd2f08bc"
            ],
            "markers": "python_version >= '3.9'",
            "version": "==1.9.0"
        },
        "click": {
            "hashes": [
                "sha256:12ff4785d337a1bb490bb7e9c2b1ee5da3112e94a8622f26a6c77f5d2fc6842a",
                "sha256:981153a64e25f12d547d3426c367a4857371575ee7ad18df2a6183ab0545b2a6"
            ],
            "markers": "python_version >= '3.10'",
            "version": "==8.3.1"
        },
        "flask": {
            "hashes": [
                "sha256:34e815dfaa43340d1d15a5c3a02b8476004037eb4840b34910c6e21679d288f3",
                "sha256:ceb27b0af3823ea2737928a4d99d125a06175b8512c445cbd9a9ce200ef76842"
            ],
            "index": "pypi",
            "markers": "python_version >= '3.8'",
            "version": "==3.0.3"
        },
        "gunicorn": {
            "hashes": [
                "sha256:350679f91b24062c86e386e198a15438d53a7a8207235a78ba1b53df4c4378d9",
                "sha256:4a0b436239ff76fb33f11c07a16482c521a7e09c1ce3cc293c2330afe01bec63"
            ],
            "index": "pypi",
            "markers": "python_version >= '3.7'",
            "version": "==22.0.0"
        },
        "itsdangerous": {
            "hashes": [
                "sha256:c6242fc49e35958c8b15141343aa660db5fc54d4f13a1db01a3f5891b98700ef",
                "sha256:e0050c0b7da1eea53ffaf149c0cfbb5c6e2e2b69c4bef22c81fa6eb73e5f6173"
            ],
            "markers": "python_version >= '3.8'",
            "version": "==2.2.0"
        },
        "jinja2": {
            "hashes": [
                "sha256:0137fb05990d35f1275a587e9aee6d56da821fc83491a0fb838183be43f66d6d",
                "sha256:85ece4451f492d0c13c5dd7c13a64681a86afae63a5f347908daf103ce6d2f67"
            ],
            "markers": "python_version >= '3.7'",
            "version": "==3.1.6"
        },
        "lxml": {
            "hashes": [
                "sha256:02437fb7308386867c8b7b0e5bc4cd4b04548b1c5d089ffb8e7b31009b961dc3",
                "sha256:02f6a8eb6512fdc2fd4ca10a49c341c4e109aa6e9448cc4859af5b949622715a",
                "sha256:05f8757b03208c3f50097761be2dea0aba02e94f0dc7023ed73a7bb14ff11eb0",
                "sha256:06668e39e1f3c065349c51ac27ae430719d7806c026fec462e5693b08b95696b",
                "sha256:07542787f86112d46d07d4f3c4e7c760282011b354d012dc4141cc12a68cef5f",
                "sha256:08ea0f606808354eb8f2dfaac095963cb25d9d28e27edcc375d7b30ab01abbf6",
                "sha256:0969e92af09c5687d769731e3f39ed62427cc72176cebb54b7a9d52cc4fa3b73",
                "sha256:0a028b61a2e357ace98b1615fc03f76eb517cc028993964fe08ad514b1e8892d",
                "sha256:0b3f5016e00ae7630a4b83d0868fca1e3d494c78a75b1c7252606a3a1c5fc2ad",
                "sha256:13e69be35391ce72712184f69000cda04fc89689429179bc4c0ae5f0b7a8c21b",
                "sha256:16a8326e51fcdffc886294c1e70b11ddccec836516a343f9ed0f82aac043c24a",
                "sha256:19b4e485cd07b7d83e3fe3b72132e7df70bfac22b14fe4bf7a23822c3a35bff5",
                "sha256:1a2569a1f15ae6c8c64108a2cd2b4a858fc1e13d25846be0666fc144715e32ab",
                "sha256:1a7aca7964ac4bb07680d5c9d63b9d7028cace3e2d43175cb50bba8c5ad33316",
                "sha256:1b590b39ef90c6b22ec0be925b211298e810b4856909c8ca60d27ffbca6c12e6",
                "sha256:1d8a701774dfc42a2f0b8ccdfe7dbc140500d1049e0632a611985d943fcf12df",
                "sha256:1e275ea572389e41e8b039ac076a46cb87ee6b8542df3fff26f5baab43713bca",
                "sha256:2304d3c93f2258ccf2cf7a6ba8c761d76ef84948d87bf9664e14d203da2cd264",
                "sha256:23441e2b5339bc54dc949e9e675fa35efe858108404ef9aa92f0456929ef6fe8",
                "sha256:23cfafd56887eaed93d07bc4547abd5e09d837a002b791e9767765492a75883f",
                "sha256:28bf95177400066596cdbcfc933312493799382879da504633d16cf60bba735b",
                "sha256:2eb2227ce1ff998faf0cd7fe85bbf086aa41dfc5af3b1d80867ecfe75fb68df3",
                "sha256:2fb0ba3e8566548d6c8e7dd82a8229ff47bd8fb8c2da237607ac8e5a1b8312e5",
                "sha256:303f540ad2dddd35b92415b74b900c749ec2010e703ab3bfd6660979d01fd4ed",
                "sha256:339ee4a4704bc724757cd5dd9dc8cf4d00980f5d3e6e06d5847c1b594ace68ab",
                "sha256:33ce9e786753743159799fdf8e92a5da351158c4bfb6f2db0bf31e7892a1feb5",
                "sha256:343ab62e9ca78094f2306aefed67dcfad61c4683f87eee48ff2fd74902447726",
                "sha256:34e17913c431f5ae01d8658dbf792fdc457073dcdfbb31dc0cc6ab256e664a8d",
                "sha256:364d03207f3e603922d0d3932ef363d55bbf48e3647395765f9bfcbdf6d23632",
                "sha256:38b67afb0a06b8575948641c1d6d68e41b83a3abeae2ca9eed2ac59892b36706",
                "sha256:3a745cc98d504d5bd2c19b10c79c61c7c3df9222629f1b6210c0368177589fb8",
                "sha256:3b019d4ee84b683342af793b56bb35034bd749e4cbdd3d33f7d1107790f8c472",
                "sha256:3b6a30a9ab040b3f545b697cb3adbf3696c05a3a68aad172e3fd7ca73ab3c835",
                "sha256:3d1e35572a56941b32c239774d7e9ad724074d37f90c7a7d499ab98761bd80cf",
                "sha256:3d98de734abee23e61f6b8c2e08a88453ada7d6486dc7cdc82922a03968928db",
                "sha256:453d037e09a5176d92ec0fd282e934ed26d806331a8b70ab431a81e2fbabf56d",
                "sha256:45f9494613160d0405682f9eee781c7e6d1bf45f819654eb249f8f46a2c22545",
                "sha256:4820c02195d6dfb7b8508ff276752f6b2ff8b64ae5d13ebe02e7667e035000b9",
                "sha256:49095a38eb333aaf44c06052fd2ec3b8f23e19747ca7ec6f6c954ffea6dbf7be",
                "sha256:4aefd911793b5d2d7a921233a54c90329bf3d4a6817dc465f12ffdfe4fc7b8fe",
                "sha256:4bc6cb140a7a0ad1f7bc37e018d0ed690b7b6520ade518285dc3171f7a117905",
                "sha256:4c30a2f83677876465f44c018830f608fa3c6a8a466eb223535035fbc16f3438",
                "sha256:50127c186f191b8917ea2fb8b206fbebe87fd414a6084d15568c27d0a21d60db",
                "sha256:50ccb5d355961c0f12f6cf24b7187dbabd5433f29e15147a67995474f27d1776",
                "sha256:519895c99c815a1a24a926d5b60627ce5ea48e9f639a5cd328bda0515ea0f10c",
                "sha256:54401c77a63cc7d6dc4b4e173bb484f28a5607f3df71484709fe037c92d4f0ed",
                "sha256:546cf886f6242dff9ec206331209db9c8e1643ae642dea5fdbecae2453cb50fd",
                "sha256:55ce6b6d803890bd3cc89975fca9de1dff39729b43b73cb15ddd933b8bc20484",
                "sha256:56793b7a1a091a7c286b5f4aa1fe4ae5d1446fe742d00cdf2ffb1077865db10d",
                "sha256:57f0a0bbc9868e10ebe874e9f129d2917750adf008fe7b9c1598c0fbbfdde6a6",
                "sha256:5b8c041b6265e08eac8a724b74b655404070b636a8dd6d7a13c3adc07882ef30",
                "sha256:5e097646944b66207023bc3c634827de858aebc226d5d4d6d16f0b77566ea182",
                "sha256:60499fe961b21264e17a471ec296dcbf4365fbea611bf9e303ab69db7159ce61",
                "sha256:610b5c77428a50269f38a534057444c249976433f40f53e3b47e68349cca1425",
                "sha256:625e3ef310e7fa3a761d48ca7ea1f9d8718a32b1542e727d584d82f4453d5eeb",
                "sha256:657a972f46bbefdbba2d4f14413c0d079f9ae243bd68193cb5061b9732fa54c1",
                "sha256:69ab77a1373f1e7563e0fb5a29a8440367dec051da6c7405333699d07444f511",
                "sha256:6a520b4f9974b0a0a6ed73c2154de57cdfd0c8800f4f15ab2b73238ffed0b36e",
                "sha256:6d68ce8e7b2075390e8ac1e1d3a99e8b6372c694bbe612632606d1d546794207",
                "sha256:6dcc3d17eac1df7859ae01202e9bb11ffa8c98949dcbeb1069c8b9a75917e01b",
                "sha256:6dfdc2bfe69e9adf0df4915949c22a25b39d175d599bf98e7ddf620a13678585",
                "sha256:739e36ef7412b2bd940f75b278749106e6d025e40027c0b94a17ef7968d55d56",
                "sha256:7429e7faa1a60cad26ae4227f4dd0459efde239e494c7312624ce228e04f6391",
                "sha256:74da9f97daec6928567b48c90ea2c82a106b2d500f397eeb8941e47d30b1ca85",
                "sha256:74e4f025ef3db1c6da4460dd27c118d8cd136d0391da4e387a15e48e5c975147",
                "sha256:75a9632f1d4f698b2e6e2e1ada40e71f369b15d69baddb8968dcc8e683839b18",
                "sha256:76acba4c66c47d27c8365e7c10b3d8016a7da83d3191d053a58382311a8bf4e1",
                "sha256:79d1fb9252e7e2cfe4de6e9a6610c7cbb99b9708e2c3e29057f487de5a9eaefa",
                "sha256:7ce7ad8abebe737ad6143d9d3bf94b88b93365ea30a5b81f6877ec9c0dee0a48",
                "sha256:7ed07b3062b055d7a7f9d6557a251cc655eed0b3152b76de619516621c56f5d3",
                "sha256:7ff762670cada8e05b32bf1e4dc50b140790909caa8303cfddc4d702b71ea184",
                "sha256:8268cbcd48c5375f46e000adb1390572c98879eb4f77910c6053d25cc3ac2c67",
                "sha256:875a3f90d7eb5c5d77e529080d95140eacb3c6d13ad5b616ee8095447b1d22e7",
                "sha256:89feb82ca055af0fe797a2323ec9043b26bc371365847dbe83c7fd2e2f181c34",
                "sha256:8a7e24cb69ee5f32e003f50e016d5fde438010c1022c96738b04fc2423e61706",
                "sha256:8ab6a358d1286498d80fe67bd3d69fcbc7d1359b45b41e74c4a26964ca99c3f8",
                "sha256:8b8df03a9e995b6211dafa63b32f9d405881518ff1ddd775db4e7b98fb545e1c",
                "sha256:8cf85a6e40ff1f37fe0f25719aadf443686b1ac7652593dc53c7ef9b8492b115",
                "sha256:8e8d351ff44c1638cb6e980623d517abd9f580d2e53bfcd18d8941c052a5a009",
                "sha256:9164361769b6ca7769079f4d426a41df6164879f7f3568be9086e15baca61466",
                "sha256:96e85aa09274955bb6bd483eaf5b12abadade01010478154b0ec70284c1b1526",
                "sha256:981a06a3076997adf7c743dcd0d7a0415582661e2517c7d961493572e909aa1d",
                "sha256:9cd5323344d8ebb9fb5e96da5de5ad4ebab993bbf51674259dbe9d7a18049525",
                "sha256:9d6c6ea6a11ca0ff9cd0390b885984ed31157c168565702959c25e2191674a14",
                "sha256:a02d3c48f9bb1e10c7788d92c0c7db6f2002d024ab6e74d6f45ae33e3d0288a3",
                "sha256:a233bb68625a85126ac9f1fc66d24337d6e8a0f9207b688eec2e7c880f012ec0",
                "sha256:a2f6a1bc2460e643785a2cde17293bd7a8f990884b822f7bca47bee0a82fc66b",
                "sha256:a6d17e0370d2516d5bb9062c7b4cb731cff921fc875644c3d751ad857ba9c5b1",
                "sha256:a6d2092797b388342c1bc932077ad232f914351932353e2e8706851c870bca1f",
                "sha256:ab67ed772c584b7ef2379797bf14b82df9aa5f7438c5b9a09624dd834c1c1aaf",
                "sha256:ac6540c9fff6e3813d29d0403ee7a81897f1d8ecc09a8ff84d2eea70ede1cdbf",
                "sha256:ae4073a60ab98529ab8a72ebf429f2a8cc612619a8c04e08bed27450d52103c0",
                "sha256:ae791f6bd43305aade8c0e22f816b34f3b72b6c820477aab4d18473a37e8090b",
                "sha256:aef5474d913d3b05e613906ba4090433c515e13ea49c837aca18bde190853dff",
                "sha256:b0b3f2df149efb242cee2ffdeb6674b7f30d23c9a7af26595099afaf46ef4e88",
                "sha256:b128092c927eaf485928cec0c28f6b8bead277e28acf56800e972aa2c2abd7a2",
                "sha256:b16db2770517b8799c79aa80f4053cd6f8b716f21f8aca962725a9565ce3ee40",
                "sha256:b336b0416828022bfd5a2e3083e7f5ba54b96242159f83c7e3eebaec752f1716",
                "sha256:b47633251727c8fe279f34025844b3b3a3e40cd1b198356d003aa146258d13a2",
                "sha256:b537bd04d7ccd7c6350cdaaaad911f6312cbd61e6e6045542f781c7f8b2e99d2",
                "sha256:b5e4ef22ff25bfd4ede5f8fb30f7b24446345f3e79d9b7455aef2836437bc38a",
                "sha256:b74b9ea10063efb77a965a8d5f4182806fbf59ed068b3c3fd6f30d2ac7bee734",
                "sha256:bb2dc4898180bea79863d5487e5f9c7c34297414bad54bcd0f0852aee9cfdb87",
                "sha256:bbc4b80af581e18568ff07f6395c02114d05f4865c2812a1f02f2eaecf0bfd48",
                "sha256:bcc98f911f10278d1daf14b87d65325851a1d29153caaf146877ec37031d5f36",
                "sha256:be49ad33819d7dcc28a309b86d4ed98e1a65f3075c6acd3cd4fe32103235222b",
                "sha256:bec4bd9133420c5c52d562469c754f27c5c9e36ee06abc169612c959bd7dbb07",
                "sha256:c2faf60c583af0d135e853c86ac2735ce178f0e338a3c7f9ae8f622fd2eb788c",
                "sha256:c689d0d5381f56de7bd6966a4541bff6e08bf8d3871bbd89a0c6ab18aa699573",
                "sha256:c7079d5eb1c1315a858bbf180000757db8ad904a89476653232db835c3114001",
                "sha256:cb3942960f0beb9f46e2a71a3aca220d1ca32feb5a398656be934320804c0df9",
                "sha256:cd9e78285da6c9ba2d5c769628f43ef66d96ac3085e59b10ad4f3707980710d3",
                "sha256:cf2a978c795b54c539f47964ec05e35c05bd045db5ca1e8366988c7f2fe6b3ce",
                "sha256:d14a0d029a4e176795cef99c056d58067c06195e0c7e2dbb293bf95c08f772a3",
                "sha256:d237ba6664b8e60fd90b8549a149a74fcc675272e0e95539a00522e4ca688b04",
                "sha256:d26a618ae1766279f2660aca0081b2220aca6bd1aa06b2cf73f07383faf48927",
                "sha256:d28cb356f119a437cc58a13f8135ab8a4c8ece18159eb9194b0d269ec4e28083",
                "sha256:d4ed0c7cbecde7194cd3228c044e86bf73e30a23505af852857c09c24e77ec5d",
                "sha256:d83e2d94b69bf31ead2fa45f0acdef0757fa0458a129734f59f67f3d2eb7ef32",
                "sha256:d8bbcd21769594dbba9c37d3c819e2d5847656ca99c747ddb31ac1701d0c0ed9",
                "sha256:d9b342c76003c6b9336a80efcc766748a333573abf9350f4094ee46b006ec18f",
                "sha256:dc911208b18842a3a57266d8e51fc3cfaccee90a5351b92079beed912a7914c2",
                "sha256:dfa7c241073d8f2b8e8dbc7803c434f57dbb83ae2a3d7892dd068d99e96efe2c",
                "sha256:e282aedd63c639c07c3857097fc0e236f984ceb4089a8b284da1c526491e3f3d",
                "sha256:e290d79a4107d7d794634ce3e985b9ae4f920380a813717adf61804904dc4393",
                "sha256:e3d9d13603410b72787579769469af730c38f2f25505573a5888a94b62b920f8",
                "sha256:e481bba1e11ba585fb06db666bfc23dbe181dbafc7b25776156120bf12e0d5a6",
                "sha256:e49b052b768bb74f58c7dda4e0bdf7b79d43a9204ca584ffe1fb48a6f3c84c66",
                "sha256:eb00b549b13bd6d884c863554566095bf6fa9c3cecb2e7b399c4bc7904cb33b5",
                "sha256:ec87c44f619380878bd49ca109669c9f221d9ae6883a5bcb3616785fa8f94c97",
                "sha256:edcfa83e03370032a489430215c1e7783128808fd3e2e0a3225deee278585196",
                "sha256:f11ae142f3a322d44513de1018b50f474f8f736bc3cd91d969f464b5bfef8836",
                "sha256:f2a09f6184f17a80897172863a655467da2b11151ec98ba8d7af89f17bf63dae",
                "sha256:f5b65529bb2f21ac7861a0e94fdbf5dc0daab41497d18223b46ee8515e5ad297",
                "sha256:f60fdd125d85bf9c279ffb8e94c78c51b3b6a37711464e1f5f31078b45002421",
                "sha256:f61efaf4bed1cc0860e567d2ecb2363974d414f7f1f124b1df368bbf183453a6",
                "sha256:f90e552ecbad426eab352e7b2933091f2be77115bb16f09f78404861c8322981",
                "sha256:f956196ef61369f1685d14dad80611488d8dc1ef00be57c0c5a03064005b0f30",
                "sha256:fb91819461b1b56d06fa4bcf86617fac795f6a99d12239fb0c68dbeba41a0a30",
                "sha256:fbc9d316552f9ef7bba39f4edfad4a734d3d6f93341232a9dddadec4f15d425f",
                "sha256:ff69a9a0b4b17d78170c73abe2ab12084bdf1691550c5629ad1fe7849433f324",
                "sha256:ffb2be176fed4457e445fe540617f0252a72a8bc56208fd65a690fdb1f57660b"
            ],
            "index": "pypi",
            "markers": "python_version >= '3.6'",
            "version": "==5.2.2"
        },
        "markupsafe": {
            "hashes": [
                "sha256:0303439a41979d9e74d18ff5e2dd8c43ed6c6001fd40e5bf2e43f7bd9bbc523f",
                "sha256:068f375c472b3e7acbe2d5318dea141359e6900156b5b2ba06a30b169086b91a",
                "sha256:0bf2a864d67e76e5c9a34dc26ec616a66b9888e25e7b9460e1c76d3293bd9dbf",
                "sha256:0db14f5dafddbb6d9208827849fad01f1a2609380add406671a26386cdf15a19",
                "sha256:0eb9ff8191e8498cca014656ae6b8d61f39da5f95b488805da4bb029cccbfbaf",
                "sha256:0f4b68347f8c5eab4a13419215bdfd7f8c9b19f2b25520968adfad23eb0ce60c",
                "sha256:1085e7fbddd3be5f89cc898938f42c0b3c711fdcb37d75221de2666af647c175",
                "sha256:116bb52f642a37c115f517494ea5feb03889e04df47eeff5b130b1808ce7c219",
                "sha256:12c63dfb4a98206f045aa9563db46507995f7ef6d83b2f68eda65c307c6829eb",
                "sha256:133a43e73a802c5562be9bbcd03d090aa5a1fe899db609c29e8c8d815c5f6de6",
                "sha256:1353ef0c1b138e1907ae78e2f6c63ff67501122006b0f9abad68fda5f4ffc6ab",
                "sha256:15d939a21d546304880945ca1ecb8a039db6b4dc49b2c5a400387cdae6a62e26",
                "sha256:177b5253b2834fe3678cb4a5f0059808258584c559193998be2601324fdeafb1",
                "sha256:1872df69a4de6aead3491198eaf13810b565bdbeec3ae2dc8780f14458ec73ce",
                "sha256:1b4b79e8ebf6b55351f0d91fe80f893b4743f104bff22e90697db1590e47a218",
                "sha256:1b52b4fb9df4eb9ae465f8d0c228a00624de2334f216f178a995ccdcf82c4634",
                "sha256:1ba88449deb3de88bd40044603fafffb7bc2b055d626a330323a9ed736661695",
                "sha256:1cc7ea17a6824959616c525620e387f6dd30fec8cb44f649e31712db02123dad",
                "sha256:218551f6df4868a8d527e3062d0fb968682fe92054e89978594c28e642c43a73",
                "sha256:26a5784ded40c9e318cfc2bdb30fe164bdb8665ded9cd64d500a34fb42067b1c",
                "sha256:2713baf880df847f2bece4230d4d094280f4e67b1e813eec43b4c0e144a34ffe",
                "sha256:2a15a08b17dd94c53a1da0438822d70ebcd13f8c3a95abe3a9ef9f11a94830aa",
                "sha256:2f981d352f04553a7171b8e44369f2af4055f888dfb147d55e42d29e29e74559",
                "sha256:32001d6a8fc98c8cb5c947787c5d08b0a50663d139f1305bac5885d98d9b40fa",
                "sha256:3524b778fe5cfb3452a09d31e7b5adefeea8c5be1d43c4f810ba09f2ceb29d37",
                "sha256:3537e01efc9d4dccdf77221fb1cb3b8e1a38d5428920e0657ce299b20324d758",
                "sha256:35add3b638a5d900e807944a078b51922212fb3dedb01633a8defc4b01a3c85f",
                "sha256:38664109c14ffc9e7437e86b4dceb442b0096dfe3541d7864d9cbe1da4cf36c8",
                "sha256:3a7e8ae81ae39e62a41ec302f972ba6ae23a5c5396c8e60113e9066ef893da0d",
                "sha256:3b562dd9e9ea93f13d53989d23a7e775fdfd1066c33494ff43f5418bc8c58a5c",
                "sha256:457a69a9577064c05a97c41f4e65148652db078a3a509039e64d3467b9e7ef97",
                "sha256:4bd4cd07944443f5a265608cc6aab442e4f74dff8088b0dfc8238647b8f6ae9a",
                "sha256:4e885a3d1efa2eadc93c894a21770e4bc67899e3543680313b09f139e149ab19",
                "sha256:4faffd047e07c38848ce017e8725090413cd80cbc23d86e55c587bf979e579c9",
                "sha256:509fa21c6deb7a7a273d629cf5ec029bc209d1a51178615ddf718f5918992ab9",
                "sha256:5678211cb9333a6468fb8d8be0305520aa073f50d17f089b5b4b477ea6e67fdc",
                "sha256:591ae9f2a647529ca990bc681daebdd52c8791ff06c2bfa05b65163e28102ef2",
                "sha256:5a7d5dc5140555cf21a6fefbdbf8723f06fcd2f63ef108f2854de715e4422cb4",
                "sha256:69c0b73548bc525c8cb9a251cddf1931d1db4d2258e9599c28c07ef3580ef354",
                "sha256:6b5420a1d9450023228968e7e6a9ce57f65d148ab56d2313fcd589eee96a7a50",
                "sha256:722695808f4b6457b320fdc131280796bdceb04ab50fe1795cd540799ebe1698",
                "sha256:729586769a26dbceff69f7a7dbbf59ab6572b99d94576a5592625d5b411576b9",
                "sha256:77f0643abe7495da77fb436f50f8dab76dbc6e5fd25d39589a0f1fe6548bfa2b",
                "sha256:795e7751525cae078558e679d646ae45574b47ed6e7771863fcc079a6171a0fc",
                "sha256:7be7b61bb172e1ed687f1754f8e7484f1c8019780f6f6b0786e76bb01c2ae115",
                "sha256:7c3fb7d25180895632e5d3148dbdc29ea38ccb7fd210aa27acbd1201a1902c6e",
                "sha256:7e68f88e5b8799aa49c85cd116c932a1ac15caaa3f5db09087854d218359e485",
                "sha256:83891d0e9fb81a825d9a6d61e3f07550ca70a076484292a70fde82c4b807286f",
                "sha256:8485f406a96febb5140bfeca44a73e3ce5116b2501ac54fe953e488fb1d03b12",
                "sha256:8709b08f4a89aa7586de0aadc8da56180242ee0ada3999749b183aa23df95025",
                "sha256:8f71bc33915be5186016f675cd83a1e08523649b0e33efdb898db577ef5bb009",
                "sha256:915c04ba3851909ce68ccc2b8e2cd691618c4dc4c4232fb7982bca3f41fd8c3d",
                "sha256:949b8d66bc381ee8b007cd945914c721d9aba8e27f71959d750a46f7c282b20b",
                "sha256:94c6f0bb423f739146aec64595853541634bde58b2135f27f61c1ffd1cd4d16a",
                "sha256:9a1abfdc021a164803f4d485104931fb8f8c1efd55bc6b748d2f5774e78b62c5",
                "sha256:9b79b7a16f7fedff2495d684f2b59b0457c3b493778c9eed31111be64d58279f",
                "sha256:a320721ab5a1aba0a233739394eb907f8c8da5c98c9181d1161e77a0c8e36f2d",
                "sha256:a4afe79fb3de0b7097d81da19090f4df4f8d3a2b3adaa8764138aac2e44f3af1",
                "sha256:ad2cf8aa28b8c020ab2fc8287b0f823d0a7d8630784c31e9ee5edea20f406287",
                "sha256:b8512a91625c9b3da6f127803b166b629725e68af71f8184ae7e7d54686a56d6",
                "sha256:bc51efed119bc9cfdf792cdeaa4d67e8f6fcccab66ed4bfdd6bde3e59bfcbb2f",
                "sha256:bdc919ead48f234740ad807933cdf545180bfbe9342c2bb451556db2ed958581",
                "sha256:bdd37121970bfd8be76c5fb069c7751683bdf373db1ed6c010162b2a130248ed",
                "sha256:be8813b57049a7dc738189df53d69395eba14fb99345e0a5994914a3864c8a4b",
                "sha256:c0c0b3ade1c0b13b936d7970b1d37a57acde9199dc2aecc4c336773e1d86049c",
                "sha256:c47a551199eb8eb2121d4f0f15ae0f923d31350ab9280078d1e5f12b249e0026",
                "sha256:c4ffb7ebf07cfe8931028e3e4c85f0357459a3f9f9490886198848f4fa002ec8",
                "sha256:ccfcd093f13f0f0b7fdd0f198b90053bf7b2f02a3927a30e63f3ccc9df56b676",
                "sha256:d2ee202e79d8ed691ceebae8e0486bd9a2cd4794cec4824e1c99b6f5009502f6",
                "sha256:d53197da72cc091b024dd97249dfc7794d6a56530370992a5e1a08983ad9230e",
                "sha256:d6dd0be5b5b189d31db7cda48b91d7e0a9795f31430b7f271219ab30f1d3ac9d",
                "sha256:d88b440e37a16e651bda4c7c2b930eb586fd15ca7406cb39e211fcff3bf3017d",
                "sha256:de8a88e63464af587c950061a5e6a67d3632e36df62b986892331d4620a35c01",
                "sha256:df2449253ef108a379b8b5d6b43f4b1a8e81a061d6537becd5582fba5f9196d7",
                "sha256:e1c1493fb6e50ab01d20a22826e57520f1284df32f2d8601fdd90b6304601419",
                "sha256:e1cf1972137e83c5d4c136c43ced9ac51d0e124706ee1c8aa8532c1287fa8795",
                "sha256:e2103a929dfa2fcaf9bb4e7c091983a49c9ac3b19c9061b6d5427dd7d14d81a1",
                "sha256:e56b7d45a839a697b5eb268c82a71bd8c7f6c94d6fd50c3d577fa39a9f1409f5",
                "sha256:e8afc3f2ccfa24215f8cb28dcf43f0113ac3c37c2f0f0806d8c70e4228c5cf4d",
                "sha256:e8fc20152abba6b83724d7ff268c249fa196d8259ff481f3b1476383f8f24e42",
                "sha256:eaa9599de571d72e2daf60164784109f19978b327a3910d3e9de8c97b5b70cfe",
                "sha256:ec15a59cf5af7be74194f7ab02d0f59a62bdcf1a537677ce67a2537c9b87fcda",
                "sha256:f190daf01f13c72eac4efd5c430a8de82489d9cff23c364c3ea822545032993e",
                "sha256:f34c41761022dd093b4b6896d4810782ffbabe30f2d443ff5f083e0cbbb8c737",
                "sha256:f3e98bb3798ead92273dc0e5fd0f31ade220f59a266ffd8a4f6065e0a3ce0523",
                "sha256:f42d0984e947b8adf7dd6dde396e720934d12c506ce84eea8476409563607591",
                "sha256:f71a396b3bf33ecaa1626c255855702aca4d3d9fea5e051b41ac59a9c1c41edc",
                "sha256:f9e130248f4462aaa8e2552d547f36ddadbeaa573879158d721bbd33dfe4743a",
                "sha256:fed51ac40f757d41b7c48425901843666a6677e3e8eb0abcff09e4ba6e664f50"
            ],
            "markers": "python_version >= '3.9'",
            "version": "==3.0.3"
        },
        "packaging": {
            "hashes": [
                "sha256:00243ae351a257117b6a241061796684b084ed1c516a08c48a3f7e147a9d80b4",
                "sha256:b36f1fef9334a5588b4166f8bcd26a14e521f2b55e6b9de3aaa80d3ff7a37529"
            ],
            "markers": "python_version >= '3.8'",
            "version": "==26.0"
        },
        "pillow": {
            "hashes": [
                "sha256:02f84dfad02693676692746df05b89cf25597560db2857363a208e393429f5e9",
                "sha256:0330d233c1a0ead844fc097a7d16c0abff4c12e856c0b325f231820fee1f39da",
                "sha256:03edcc34d688572014ff223c125a3f77fb08091e4607e7745002fc214070b35f",
                "sha256:097690ba1f2efdeb165a20469d59d8bb03c55fb6621eb2041a060ae8ea3e9642",
                "sha256:178aa072084bd88ec759052feca8e56cbb14a60b39322b99a049e58090479713",
                "sha256:18e5bddd742a44b7e6b1e773ab5db102bd7a94c32555ba656e76d319d19c3850",
                "sha256:1a9b0ee305220b392e1124a764ee4265bd063e54a751a6b62eff69992f457fa9",
                "sha256:1f1625b72740fdda5d77b4def688eb8fd6490975d06b909fd19f13f391e077e0",
                "sha256:1f1be78ce9466a7ee64bfda57bdba0f7cc499d9794d518b854816c41bf0aa4e9",
                "sha256:1f90cff8aa76835cba5769f0b3121a22bd4eb9e6884cfe338216e557a9a548b8",
                "sha256:21329ec8c96c6e979cd0dfd29406c40c1d52521a90544463057d2aaa937d66a6",
                "sha256:2815a87ab27848db0321fb78c7f0b2c8649dee134b7f2b80c6a45c6831d75ccd",
                "sha256:2c1fc0f2ca5f96a3c8407e41cca26a16e46b21060fe6d5b099d2cb01412222f5",
                "sha256:2e0c664be47252947d870ac0d327fea7e63985a08794758aa8af5b6cb6ec0c9c",
                "sha256:339ffdcb7cbeaa08221cd401d517d4b1fe7a9ed5d400e4a8039719238620ca35",
                "sha256:344cf1e3dab3be4b1fa08e449323d98a2a3f819ad20f4b22e77a0ede31f0faa1",
                "sha256:36341d06738a9f66c8287cf8b876d24b18db9bd8740fa0672c74e259ad408cff",
                "sha256:365b10bb9417dd4498c0e3b128018c4a624dc11c7b97d8cc54effe3b096f4c38",
                "sha256:3a5cbdcddad0af3da87cb16b60d23648bc3b51967eb07223e9fed77a82b457c4",
                "sha256:417423db963cb4be8bac3fc1204fe61610f6abeed1580a7a2cbb2fbda20f12af",
                "sha256:42fc1f4677106188ad9a55562bbade416f8b55456f522430fadab3cef7cd4e60",
                "sha256:44ce27545b6efcf0fdbdceb31c9a5bdea9333e664cda58a7e674bb74608b3986",
                "sha256:472a8d7ded663e6162dafdf20015c486a7009483ca671cece7a9279b512fcb13",
                "sha256:47b94983da0c642de92ced1702c5b6c292a84bd3a8e1d1702ff923f183594717",
                "sha256:495c302af3aad1ca67420ddd5c7bd480c8867ad173528767d906428057a11f0e",
                "sha256:4ceb838d4bd9dab43e06c363cab2eebf63846d6a4aeaea283bbdfd8f1a8ed58b",
                "sha256:50480dcd74fa63b8e78235957d302d98d98d82ccbfac4c7e12108ba9ecbdba15",
                "sha256:518a48c2aab7ce596d3bf79d0e275661b846e86e4d0e7dec34712c30fe07f02a",
                "sha256:559b38da23606e68681337ad74622c4dbba02254fc9cb4488a305dd5975c7eeb",
                "sha256:578510d88c6229d735855e1f278aa305270438d36a05031dfaae5067cc8eb04d",
                "sha256:597bd9c8419bc7c6af5604e55847789b69123bbe25d65cc6ad3012b4f3c98d8b",
                "sha256:5a8eb7ed8d4198bccbd07058416eeec51686b498e784eda166395a23eb99138e",
                "sha256:5c0dd1636633e7e6a0afe7bf6a51a14992b7f8e60de5789018ebbdfae55b040a",
                "sha256:5cb1785d97b0c3d1d1a16bc1d710c4a0049daefc4935f3a8f31f827f4d3d2e7f",
                "sha256:5d1f9575a12bed9e9eedd9a4972834b08c97a352bd17955ccdebfeca5913fa0a",
                "sha256:5d8c41325b382c07799a3682c1c258469ea2ff97103c53717b7893862d0c98ce",
                "sha256:5dae5f21afb91322f2ff791895ddd8889e5e947ff59f71b46041c8ce6db790bc",
                "sha256:600fd103672b925fe62ed08e0d874ea34d692474df6f4bf7ebe148b30f89f39f",
                "sha256:6408a7b064595afcab0a49393a413732a35788f2a5092fdc6266952ed67de586",
                "sha256:652a2c9ccfb556235b2b501a3a7cf3742148cd22e04b5625c5fe057ea3e3191f",
                "sha256:665e1b916b043cef294bc54d47bf02d87e13f769bc4bc5fa225a24b3a6c5aca9",
                "sha256:691ab2ac363b8217f7d31b3497108fb1f50faab2f75dfb03284ec2f217e87bf8",
                "sha256:6c52f062424c523d6c4db85518774cc3d50f5539dd6eed32b8f6229b26f24d40",
                "sha256:6c6db3b84c87d48d0088943bf33440e0c42370b99b1c2a7989216f7b42eede60",
                "sha256:7311c0a0dcadb89b36b7025dfd8326ecfa36964e29913074d47382706e516a7c",
                "sha256:7aac39bcf8d4770d089588a2e1dd111cbaa42df5a94be3114222057d68336bd0",
                "sha256:7b03048319bfc6170e93bd60728a1af51d3dd7704935feb228c4d4faab35d334",
                "sha256:7e7976bf1910a8116b523b9f9f58bf410f3e8aa330cd9a2bb2953f9266ab49af",
                "sha256:8089c852a56c2966cf18835db62d9b34fef7ba74c726ad943928d494fa7f4735",
                "sha256:86172b0831b82ce4f7877f280055892b31179e1576aa00d0df3bb1bbf8c3e524",
                "sha256:89b54027a766529136a06cfebeecb3a04900397a3590fd252160b888479517bf",
                "sha256:89c7e895002bbe49cdc5426150377cbbc04767d7547ed145473f496dfa40408b",
                "sha256:8b7e5304e34942bf62e15184219a7b5ad4ff7f3bb5cca4d984f37df1a0e1aee2",
                "sha256:8fd420ef0c52c88b5a035a0886f367748c72147b2b8f384c9d12656678dfdfa9",
                "sha256:98edb152429ab62a1818039744d8fbb3ccab98a7c29fc3d5fcef158f3f1f68b7",
                "sha256:99c1506ea77c11531d75e3a412832a13a71c7ebc8192ab9e4b2e355555920e3e",
                "sha256:9ad8fa5937ab05218e2b6a4cff30295ad35afd2f83ac592e68c0d871bb0fdbc4",
                "sha256:9f51079765661884a486727f0729d29054242f74b46186026582b4e4769918e4",
                "sha256:a003d7422449f6d1e3a34e3dd4110c22148336918ddbfc6a32581cd54b2e0b2b",
                "sha256:a0b1cd6232e2b618adcc54d9882e4e662a089d5768cd188f7c245b4c8c44a397",
                "sha256:a285e3eb7a5a45a2ff504e31f4a8d1b12ef62e84e5411c6804a42197c1cf586c",
                "sha256:a37691702ed687799de29a518d63d4682d9016932db66d4e90c345831b02fb4e",
                "sha256:a550ae29b95c6dc13cf69e2c9dc5747f814c54eeb2e32d683e5e93af56caa029",
                "sha256:ab174cd7d29a62dd139c44bf74b698039328f45cb03b4596c43473a46656b2f3",
                "sha256:ab323b787d6e18b3d91a72fc99b1a2c28651e4358749842b8f8dfacd28ef2052",
                "sha256:adebb5bee0f0af4909c30db0d890c773d1a92ffe83da908e2e9e720f8edf3984",
                "sha256:aee2810642b2898bb187ced9b349e95d2a7272930796e022efaf12e99dccd293",
                "sha256:af9a332e572978f0218686636610555ae3defd1633597be015ed50289a03c523",
                "sha256:b574c51cf7d5d62e9be37ba446224b59a2da26dc4c1bb2ecbe936a4fb1a7cb7f",
                "sha256:b66e95d05ba806247aaa1561f080abc7975daf715c30780ff92a20e4ec546e1b",
                "sha256:b81b5e3511211631b3f672a595e3221252c90af017e399056d0faabb9538aa80",
                "sha256:b957b71c6b2387610f556a7eb0828afbe40b4a98036fc0d2acfa5a44a0c2036f",
                "sha256:bb66b7cc26f50977108790e2456b7921e773f23db5630261102233eb355a3b79",
                "sha256:c6008de247150668a705a6338156efb92334113421ceecf7438a12c9a12dab23",
                "sha256:c7697918b5be27424e9ce568193efd13d925c4481dd364e43f5dff72d33e10f8",
                "sha256:cb9bb857b2d057c6dfc72ac5f3b44836924ba15721882ef103cecb40d002d80e",
                "sha256:cc7d296b5ea4d29e6570dabeaed58d31c3fea35a633a69679fb03d7664f43fb3",
                "sha256:d242e8ac078781f1de88bf823d70c1a9b3c7950a44cdf4b7c012e22ccbcd8e4e",
                "sha256:d2912fd8114fc5545aa3a4b5576512f64c55a03f3ebcca4c10194d593d43ea36",
                "sha256:d470ab1178551dd17fdba0fef463359c41aaa613cdcd7ff8373f54be629f9f8f",
                "sha256:d4ce8e329c93845720cd2014659ca67eac35f6433fd3050393d85f3ecef0dad5",
                "sha256:d6e4571eedf43af33d0fc233a382a76e849badbccdf1ac438841308652a08e1f",
                "sha256:e65498daf4b583091ccbb2556c7000abf0f3349fcd57ef7adc9a84a394ed29f6",
                "sha256:e879bb6cd5c73848ef3b2b48b8af9ff08c5b71ecda8048b7dd22d8a33f60be32",
                "sha256:e9e8064fb1cc019296958595f6db671fba95209e3ceb0c4734c9baf97de04b20",
                "sha256:f7ed2c6543bad5a7d5530eb9e78c53132f93dfa44a28492db88b41cdab885202",
                "sha256:f95c00d5d6700b2b890479664a06e754974848afaae5e21beb4d83c106923fd0",
                "sha256:f975aa7ef9684ce7e2c18a3aa8f8e2106ce1e46b94ab713d156b2898811651d3",
                "sha256:fbfa2a7c10cc2623f412753cddf391c7f971c52ca40a3f65dc5039b2939e8563",
                "sha256:fc354a04072b765eccf2204f588a7a532c9511e8b9c7f900e1b64e3e33487090",
                "sha256:fc44ef1f3de4f45b50ccf9136999d71abb99dca7706bc75d222ed350b9fd2289"
            ],
            "markers": "python_version >= '3.10'",
            "version": "==12.1.1"
        },
        "pypng": {
            "hashes": [
                "sha256:4a43e969b8f5aaafb2a415536c1a8ec7e341cd6a3f957fd5b5f32a4cfeed902c",
                "sha256:739c433ba96f078315de54c0db975aee537cbc3e1d0ae4ed9aab0ca1e427e2c1"
            ],
            "version": "==0.20220715.0"
        },
        "qrcode": {
            "extras": [
                "pil"
            ],
            "hashes": [
                "sha256:581dca7a029bcb2deef5d01068e39093e80ef00b4a61098a2182eac59d01643a",
                "sha256:9dd969454827e127dbd93696b20747239e6d540e082937c90f14ac95b30f5845"
            ],
            "markers": "python_version >= '3.7'",
            "version": "==7.4.2"
        },
        "typing-extensions": {
            "hashes": [
                "sha256:0cea48d173cc12fa28ecabc3b837ea3cf6f38c6d1136f85cbaaf598984861466",
                "sha256:f0fa19c6845758ab08074a0cfa8b7aecb71c999ca73d62883bc25cc018c4e548"
            ],
            "markers": "python_version >= '3.9'",
            "version": "==4.15.0"
        },
        "werkzeug": {
            "hashes": [
                "sha256:4b314d81163a3e1a169b6a0be2a000a0e204e8873c5de6586f453c55688d422f",
                "sha256:fb8c01fe6ab13b9b7cdb46892b99b1d66754e1d7ab8e542e865ec13f526b5351"
            ],
            "markers": "python_version >= '3.9'",
            "version": "==3.1.7"
        }
    },
    "develop": {}
}
